GEM
  remote: https://rubygems.org/
  specs:
    json (2.20.0)
    yaml (0.4.0)

PLATFORMS
  arm64-darwin-23
  ruby

DEPENDENCIES
  json
  yaml

CHECKSUMS
  bundler (4.0.15) sha256=a4ceb882fe94a0e0ac63cd0813932bbfd631a14e5ac0b7975189b19a4d28d9e7
  json (2.20.0) sha256=9362bc6e55a952b056abf9167cf053358181c904cb70cd6eee0808ea830fc32b
  yaml (0.4.0) sha256=240e69d1e6ce3584d6085978719a0faa6218ae426e034d8f9b02fb54d3471942

BUNDLED WITH
  4.0.15
